version = 1
revision = 3
requires-python = "==3.12.*"

[[package]]
name = "annotated-types"
version = "0.8.0"
source = { registry = "https://pypi.org/simple" }
sdist = { url = "https://files.pythonhosted.org/packages/5f/56/a8120250d128bed162cd73c76d45f6ef9991f3e068f62a8ee060afa3104a/annotated_types-0.8.0.tar.gz", hash = "sha256:13b2beaad985e05e2d6407ee4c4f35590b11f8d693a258a561055cac8f64cab7", size = 15893, upload-time = "2026-07-23T20:16:13.995Z" }
wheels = [
    { url = "https://files.pythonhosted.org/packages/99/91/8acff4f5e50511b911bbccb72b8628a49c68ce14148cd9f6431094859a90/annotated_types-0.8.0-py3-none-any.whl", hash = "sha256:f072f4d804ea359e4eaf198b1af7a8b0943881a87f31bb764f8bf219bb9419e0", size = 13427, upload-time = "2026-07-23T20:16:12.938Z" },
]

[[package]]
name = "anyio"
version = "4.14.2"
source = { registry = "https://pypi.org/simple" }
dependencies = [
    { name = "idna" },
    { name = "typing-extensions" },
]
sdist = { url = "https://files.pythonhosted.org/packages/61/cc/a381afa6efea9f496eff839d4a6a1aed3bfafc7b3ab4b0d1b243a12573dd/anyio-4.14.2.tar.gz", hash = "sha256:cfa139f3ed1a23ee8f88a145ddb5ac7605b8bbfd8592baacd7ce3d8bb4313c7f", size = 260176, upload-time = "2026-07-12T20:29:07.082Z" }
wheels = [
    { url = "https://files.pythonhosted.org/packages/da/35/f2287558c17e29fafc8ef3daf819bb9834061cfa43bff8014f7df7f63bdc/anyio-4.14.2-py3-none-any.whl", hash = "sha256:9f505dda5ac9f0c8309b5e8bd445a8c2bf7246f3ce950121e45ea15bc41d1494", size = 125813, upload-time = "2026-07-12T20:29:05.763Z" },
]

[[package]]
name = "attrs"
version = "26.1.0"
source = { registry = "https://pypi.org/simple" }
sdist = { url = "https://files.pythonhosted.org/packages/9a/8e/82a0fe20a541c03148528be8cac2408564a6c9a0cc7e9171802bc1d26985/attrs-26.1.0.tar.gz", hash = "sha256:d03ceb89cb322a8fd706d4fb91940737b6642aa36998fe130a9bc96c985eff32", size = 952055, upload-time = "2026-03-19T14:22:25.026Z" }
wheels = [
    { url = "https://files.pythonhosted.org/packages/64/b4/17d4b0b2a2dc85a6df63d1157e028ed19f90d4cd97c36717afef2bc2f395/attrs-26.1.0-py3-none-any.whl", hash = "sha256:c647aa4a12dfbad9333ca4e71fe62ddc36f4e63b2d260a37a8b83d2f043ac309", size = 67548, upload-time = "2026-03-19T14:22:23.645Z" },
]

[[package]]
name = "bracex"
version = "3.0.1"
source = { registry = "https://pypi.org/simple" }
sdist = { url = "https://files.pythonhosted.org/packages/ac/01/5f394b8bcd6e5b92f73130990960423bbb19711f906bd9fe9ea5557c667c/bracex-3.0.1.tar.gz", hash = "sha256:4e38e32392e4a4780fe15d644bfc7c8514057cfc3861e060b11814ce829c25e4", size = 44019, upload-time = "2026-07-20T13:43:00.335Z" }
wheels = [
    { url = "https://files.pythonhosted.org/packages/b8/8f/6f7273a7adb8d73fc8d21ede4376a3e475e52f98435c6007f69100dec8ca/bracex-3.0.1-py3-none-any.whl", hash = "sha256:6523ad83aeb5098a4ee597cff0f964442ff74e460bd3fafaffab6a013ff2288c", size = 11940, upload-time = "2026-07-20T13:42:59.268Z" },
]

[[package]]
name = "certifi"
version = "2026.7.22"
source = { registry = "https://pypi.org/simple" }
sdist = { url = "https://files.pythonhosted.org/packages/a3/c2/24167ea9858356b47a87a50d39908bfdb72ceeefe0041586e704e5376b3a/certifi-2026.7.22.tar.gz", hash = "sha256:741e2c3b351ddf169a738da9f2c048608ff7f2c5cc02f1ebc6b118bb090d5d55", size = 138112, upload-time = "2026-07-22T03:35:12.644Z" }
wheels = [
    { url = "https://files.pythonhosted.org/packages/0b/a7/71ac2cff56fec219ed242bb11b8efb69fcc4bec75db06fb7bfe35de520e6/certifi-2026.7.22-py3-none-any.whl", hash = "sha256:62f22742b58a1a33014a2b6b706588a8d7e2a88ae7bd1a6ebe8c992928483775", size = 136983, upload-time = "2026-07-22T03:35:11.276Z" },
]

[[package]]
name = "colorama"
version = "0.4.6"
source = { registry = "https://pypi.org/simple" }
sdist = { url = "https://files.pythonhosted.org/packages/d8/53/6f443c9a4a8358a93a6792e2acffb9d9d5cb0a5cfd8802644b7b1c9a02e4/colorama-0.4.6.tar.gz", hash = "sha256:08695f5cb7ed6e0531a20572697297273c47b8cae5a63ffc6d6ed5c201be6e44", size = 27697, upload-time = "2022-10-25T02:36:22.414Z" }
wheels = [
    { url = "https://files.pythonhosted.org/packages/d1/d6/3965ed04c63042e047cb6a3e6ed1a63a35087b6a609aa3a15ed8ac56c221/colorama-0.4.6-py2.py3-none-any.whl", hash = "sha256:4f1d9991f5acc0ca119f9d443620b77f9d6b33703e51011c16baf57afb285fc6", size = 25335, upload-time = "2022-10-25T02:36:20.889Z" },
]

[[package]]
name = "connectrpc"
version = "0.11.1"
source = { registry = "https://pypi.org/simple" }
dependencies = [
    { name = "protobuf-py" },
    { name = "pyqwest" },
]
sdist = { url = "https://files.pythonhosted.org/packages/8b/b5/63e14ab9d4d4cc58818562db4120a35fa7454e3035633da41bdc6b712abd/connectrpc-0.11.1.tar.gz", hash = "sha256:18277f7838847b4271ca38d40c7d2387b5a2ea6a29f240689c19e1ec84aaff66", size = 46222, upload-time = "2026-07-15T06:33:31.601Z" }
wheels = [
    { url = "https://files.pythonhosted.org/packages/5c/ac/aa647675812cd075f2cb9acb00d62f4f2cbcbc6736049a62342b7371ce5b/connectrpc-0.11.1-py3-none-any.whl", hash = "sha256:8a52e2e92a485fa9681c1101a79a5ebeb31807e3ea3d5aabd41f484a6398bc7b", size = 64991, upload-time = "2026-07-15T06:33:29.396Z" },
]

[[package]]
name = "dockerfile-parse"
version = "2.0.1"
source = { registry = "https://pypi.org/simple" }
sdist = { url = "https://files.pythonhosted.org/packages/92/df/929ee0b5d2c8bd8d713c45e71b94ab57c7e11e322130724d54f469b2cd48/dockerfile-parse-2.0.1.tar.gz", hash = "sha256:3184ccdc513221983e503ac00e1aa504a2aa8f84e5de673c46b0b6eee99ec7bc", size = 24556, upload-time = "2023-07-18T13:36:07.897Z" }
wheels = [
    { url = "https://files.pythonhosted.org/packages/7a/6c/79cd5bc1b880d8c1a9a5550aa8dacd57353fa3bb2457227e1fb47383eb49/dockerfile_parse-2.0.1-py2.py3-none-any.whl", hash = "sha256:bdffd126d2eb26acf1066acb54cb2e336682e1d72b974a40894fac76a4df17f6", size = 14845, upload-time = "2023-07-18T13:36:06.052Z" },
]

[[package]]
name = "e2b"
version = "2.45.0"
source = { registry = "https://pypi.org/simple" }
dependencies = [
    { name = "attrs" },
    { name = "connectrpc" },
    { name = "dockerfile-parse" },
    { name = "h2" },
    { name = "httpx" },
    { name = "packaging" },
    { name = "protobuf-py" },
    { name = "pyqwest" },
    { name = "python-dateutil" },
    { name = "rich" },
    { name = "typing-extensions" },
    { name = "wcmatch" },
]
sdist = { url = "https://files.pythonhosted.org/packages/88/63/692157fa765cbc10fc30a3c601533d1fdcf60b20db6f690493647ea14e5f/e2b-2.45.0.tar.gz", hash = "sha256:95c93f9b48a0a793fbd43d8496a05ee10e5e3cf394c2d044e169d228136175d2", size = 227686, upload-time = "2026-08-21T12:41:58.898Z" }
wheels = [
    { url = "https://files.pythonhosted.org/packages/b9/83/25fe5f56d75acff5c6978f29f88f4f89848d5396f6ff383c95a37b6ede91/e2b-2.45.0-py3-none-any.whl", hash = "sha256:fc69c9ba72dea63e4bc927655d379c4967b15ce3af7b442d17e131cf2dae6699", size = 401608, upload-time = "2026-08-21T12:41:57.395Z" },
]

[[package]]
name = "h11"
version = "0.16.0"
source = { registry = "https://pypi.org/simple" }
sdist = { url = "https://files.pythonhosted.org/packages/01/ee/02a2c011bdab74c6fb3c75474d40b3052059d95df7e73351460c8588d963/h11-0.16.0.tar.gz", hash = "sha256:4e35b956cf45792e4caa5885e69fba00bdbc6ffafbfa020300e549b208ee5ff1", size = 101250, upload-time = "2025-04-24T03:35:25.427Z" }
wheels = [
    { url = "https://files.pythonhosted.org/packages/04/4b/29cac41a4d98d144bf5f6d33995617b185d14b22401f75ca86f384e87ff1/h11-0.16.0-py3-none-any.whl", hash = "sha256:63cf8bbe7522de3bf65932fda1d9c2772064ffb3dae62d55932da54b31cb6c86", size = 37515, upload-time = "2025-04-24T03:35:24.344Z" },
]

[[package]]
name = "h2"
version = "4.4.1"
source = { registry = "https://pypi.org/simple" }
dependencies = [
    { name = "hpack" },
    { name = "hyperframe" },
]
sdist = { url = "https://files.pythonhosted.org/packages/e7/85/7c366e69d84c17bb778fe41419e1fbcce3033d5b7ce29bbffff0a98b859f/h2-4.4.1.tar.gz", hash = "sha256:4e866ffb1a869ae14dd9b5e6beb5c24a13da0495ad72b65925ded182521c1516", size = 2157281, upload-time = "2026-08-03T11:45:09.509Z" }
wheels = [
    { url = "https://files.pythonhosted.org/packages/7e/22/e85faf23bd72a92d1921e37d674ca56eb298a3c8be31fdecef0ff2b3aaac/h2-4.4.1-py3-none-any.whl", hash = "sha256:0e25f1462b23c9cb82d9eb02e28bc706dac2a68cb457c6a0d74d63c8a2a5d0e6", size = 62636, upload-time = "2026-08-03T11:44:59.164Z" },
]

[[package]]
name = "hpack"
version = "4.2.0"
source = { registry = "https://pypi.org/simple" }
sdist = { url = "https://files.pythonhosted.org/packages/26/5b/fcabf6028144a8723726318b07a32c2f3314acdff6265743cf08a344b18e/hpack-4.2.0.tar.gz", hash = "sha256:0895cfa3b5531fc65fe439c05eb65144f123bf7a394fcaa56aa423548d8e45c0", size = 51300, upload-time = "2026-06-23T18:34:46.667Z" }
wheels = [
    { url = "https://files.pythonhosted.org/packages/71/b4/4a9fcfb2aef6ba44d9073ecd301443aa00b3dac95de5619f2a7de7ec8a91/hpack-4.2.0-py3-none-any.whl", hash = "sha256:858ac0b02280fa582b5080d68db0899c62a80375e0e5413a74970c5e518b6986", size = 34246, upload-time = "2026-06-23T18:34:45.472Z" },
]

[[package]]
name = "httpcore"
version = "1.0.9"
source = { registry = "https://pypi.org/simple" }
dependencies = [
    { name = "certifi" },
    { name = "h11" },
]
sdist = { url = "https://files.pythonhosted.org/packages/06/94/82699a10bca87a5556c9c59b5963f2d039dbd239f25bc2a63907a05a14cb/httpcore-1.0.9.tar.gz", hash = "sha256:6e34463af53fd2ab5d807f399a9b45ea31c3dfa2276f15a2c3f00afff6e176e8", size = 85484, upload-time = "2025-04-24T22:06:22.219Z" }
wheels = [
    { url = "https://files.pythonhosted.org/packages/7e/f5/f66802a942d491edb555dd61e3a9961140fd64c90bce1eafd741609d334d/httpcore-1.0.9-py3-none-any.whl", hash = "sha256:2d400746a40668fc9dec9810239072b40b4484b640a8c38fd654a024c7a1bf55", size = 78784, upload-time = "2025-04-24T22:06:20.566Z" },
]

[[package]]
name = "httpx"
version = "0.28.1"
source = { registry = "https://pypi.org/simple" }
dependencies = [
    { name = "anyio" },
    { name = "certifi" },
    { name = "httpcore" },
    { name = "idna" },
]
sdist = { url = "https://files.pythonhosted.org/packages/b1/df/48c586a5fe32a0f01324ee087459e112ebb7224f646c0b5023f5e79e9956/httpx-0.28.1.tar.gz", hash = "sha256:75e98c5f16b0f35b567856f597f06ff2270a374470a5c2392242528e3e3e42fc", size = 141406, upload-time = "2024-12-06T15:37:23.222Z" }
wheels = [
    { url = "https://files.pythonhosted.org/packages/2a/39/e50c7c3a983047577ee07d2a9e53faf5a69493943ec3f6a384bdc792deb2/httpx-0.28.1-py3-none-any.whl", hash = "sha256:d909fcccc110f8c7faf814ca82a9a4d816bc5a6dbfea25d6591d6985b8ba59ad", size = 73517, upload-time = "2024-12-06T15:37:21.509Z" },
]

[[package]]
name = "hyperframe"
version = "6.1.0"
source = { registry = "https://pypi.org/simple" }
sdist = { url = "https://files.pythonhosted.org/packages/02/e7/94f8232d4a74cc99514c13a9f995811485a6903d48e5d952771ef6322e30/hyperframe-6.1.0.tar.gz", hash = "sha256:f630908a00854a7adeabd6382b43923a4c4cd4b821fcb527e6ab9e15382a3b08", size = 26566, upload-time = "2025-01-22T21:41:49.302Z" }
wheels = [
    { url = "https://files.pythonhosted.org/packages/48/30/47d0bf6072f7252e6521f3447ccfa40b421b6824517f82854703d0f5a98b/hyperframe-6.1.0-py3-none-any.whl", hash = "sha256:b03380493a519fce58ea5af42e4a42317bf9bd425596f7a0835ffce80f1a42e5", size = 13007, upload-time = "2025-01-22T21:41:47.295Z" },
]

[[package]]
name = "idna"
version = "3.19"
source = { registry = "https://pypi.org/simple" }
sdist = { url = "https://files.pythonhosted.org/packages/5f/f7/abb373e5757eaec4b922b92f97ec8d6d7e057cf06778247604fbc4e7c3f3/idna-3.19.tar.gz", hash = "sha256:5e0811a4383b21dc5838069f801c4fb62113b7447663d2530d2bd6e77b49bf15", size = 215237, upload-time = "2026-08-18T05:14:24.27Z" }
wheels = [
    { url = "https://files.pythonhosted.org/packages/57/b0/0e52c878c53f245edd3a11020f20979b3f490f245af532c7cae3027754b5/idna-3.19-py3-none-any.whl", hash = "sha256:815e7be7a7806d54abb586dc943addc79e8b2ee16915059658cbeff4b1b43bf4", size = 68550, upload-time = "2026-08-18T05:14:22.343Z" },
]

[[package]]
name = "iniconfig"
version = "2.3.0"
source = { registry = "https://pypi.org/simple" }
sdist = { url = "https://files.pythonhosted.org/packages/72/34/14ca021ce8e5dfedc35312d08ba8bf51fdd999c576889fc2c24cb97f4f10/iniconfig-2.3.0.tar.gz", hash = "sha256:c76315c77db068650d49c5b56314774a7804df16fee4402c1f19d6d15d8c4730", size = 20503, upload-time = "2025-10-18T21:55:43.219Z" }
wheels = [
    { url = "https://files.pythonhosted.org/packages/cb/b1/3846dd7f199d53cb17f49cba7e651e9ce294d8497c8c150530ed11865bb8/iniconfig-2.3.0-py3-none-any.whl", hash = "sha256:f631c04d2c48c52b84d0d0549c99ff3859c98df65b3101406327ecc7d53fbf12", size = 7484, upload-time = "2025-10-18T21:55:41.639Z" },
]

[[package]]
name = "lda-pure-humanize"
version = "0.2.2"
source = { editable = "." }
dependencies = [
    { name = "e2b" },
    { name = "openai-codex", marker = "sys_platform == 'linux'" },
    { name = "pydantic" },
    { name = "pyyaml" },
]

[package.optional-dependencies]
test = [
    { name = "pytest" },
    { name = "pytest-asyncio" },
]

[package.metadata]
requires-dist = [
    { name = "e2b", specifier = "==2.45.0" },
    { name = "openai-codex", marker = "sys_platform == 'linux'", specifier = "==0.147.0" },
    { name = "pydantic", specifier = "==2.12.5" },
    { name = "pytest", marker = "extra == 'test'", specifier = "==8.4.1" },
    { name = "pytest-asyncio", marker = "extra == 'test'", specifier = "==1.1.0" },
    { name = "pyyaml", specifier = "==6.0.2" },
]
provides-extras = ["test"]

[[package]]
name = "markdown-it-py"
version = "4.2.0"
source = { registry = "https://pypi.org/simple" }
dependencies = [
    { name = "mdurl" },
]
sdist = { url = "https://files.pythonhosted.org/packages/06/ff/7841249c247aa650a76b9ee4bbaeae59370dc8bfd2f6c01f3630c35eb134/markdown_it_py-4.2.0.tar.gz", hash = "sha256:04a21681d6fbb623de53f6f364d352309d4094dd4194040a10fd51833e418d49", size = 82454, upload-time = "2026-05-07T12:08:28.36Z" }
wheels = [
    { url = "https://files.pythonhosted.org/packages/b3/81/4da04ced5a082363ecfa159c010d200ecbd959ae410c10c0264a38cac0f5/markdown_it_py-4.2.0-py3-none-any.whl", hash = "sha256:9f7ebbcd14fe59494226453aed97c1070d83f8d24b6fc3a3bcf9a38092641c4a", size = 91687, upload-time = "2026-05-07T12:08:27.182Z" },
]

[[package]]
name = "mdurl"
version = "0.1.2"
source = { registry = "https://pypi.org/simple" }
sdist = { url = "https://files.pythonhosted.org/packages/d6/54/cfe61301667036ec958cb99bd3efefba235e65cdeb9c84d24a8293ba1d90/mdurl-0.1.2.tar.gz", hash = "sha256:bb413d29f5eea38f31dd4754dd7377d4465116fb207585f97bf925588687c1ba", size = 8729, upload-time = "2022-08-14T12:40:10.846Z" }
wheels = [
    { url = "https://files.pythonhosted.org/packages/b3/38/89ba8ad64ae25be8de66a6d463314cf1eb366222074cfda9ee839c56a4b4/mdurl-0.1.2-py3-none-any.whl", hash = "sha256:84008a41e51615a49fc9966191ff91509e3c40b939176e643fd50a5c2196b8f8", size = 9979, upload-time = "2022-08-14T12:40:09.779Z" },
]

[[package]]
name = "openai-codex"
version = "0.147.0"
source = { registry = "https://pypi.org/simple" }
dependencies = [
    { name = "openai-codex-cli-bin" },
    { name = "pydantic" },
]
sdist = { url = "https://files.pythonhosted.org/packages/2b/ac/beb56a8a5a37b90e40e418a29449f6c345f45cc326d8b021ca23aae12e8d/openai_codex-0.147.0.tar.gz", hash = "sha256:e0ab4ea3ac44585a98a80df11e220519fec4641d508d830d2c1d656ce471e2ed", size = 73470, upload-time = "2026-08-18T06:13:11.314Z" }
wheels = [
    { url = "https://files.pythonhosted.org/packages/3f/14/1a36ddc96152160768793689cd0924ffa78ce10e1bbb817fb4b006a96479/openai_codex-0.147.0-py3-none-any.whl", hash = "sha256:ab2e0b3a41dba5a62be8561397cf3e7913afb53b5372ad881002a6f0b77e6a0a", size = 81344, upload-time = "2026-08-18T06:13:09.897Z" },
]

[[package]]
name = "openai-codex-cli-bin"
version = "0.147.0"
source = { registry = "https://pypi.org/simple" }
wheels = [
    { url = "https://files.pythonhosted.org/packages/59/4b/0efce457a301271301b9229b36b3f53ca94d5f4db1d605c86e0da9833565/openai_codex_cli_bin-0.147.0-py3-none-manylinux_2_17_aarch64.whl", hash = "sha256:aab3e27ce07cd7bc7a78708efa40375b28e89f586851c495ef55aa6cb6806d11", size = 111220520, upload-time = "2026-08-18T06:06:01.636Z" },
    { url = "https://files.pythonhosted.org/packages/f2/e4/5e4fb0f61ca90c2bb42a8823e08fe05957c54591d1e161c56a93d27d565d/openai_codex_cli_bin-0.147.0-py3-none-manylinux_2_17_x86_64.whl", hash = "sha256:cb3907d633cda87c4b68b47ff4979e6054c02a08c41b15aa2e9a689558a61074", size = 119921665, upload-time = "2026-08-18T06:06:05.666Z" },
    { url = "https://files.pythonhosted.org/packages/f9/83/a52e32fc63bde10996e38cb4e1175c402c578ee7c7ca79b96abee5219127/openai_codex_cli_bin-0.147.0-py3-none-musllinux_1_1_aarch64.whl", hash = "sha256:ea0bfdee98164fc7d589eea5623aff06c8f8f2ba3f9bc550297429db45ea68f7", size = 111220518, upload-time = "2026-08-18T06:06:09.538Z" },
    { url = "https://files.pythonhosted.org/packages/e9/b6/c159da0a1ec136fde6d2742ec05347e311f000dfe19024ed7d708cf60aa5/openai_codex_cli_bin-0.147.0-py3-none-musllinux_1_1_x86_64.whl", hash = "sha256:a9be23f46326494b7ebf4bd98cbe985542f5ad076355f3b0fb636a984df56816", size = 119921665, upload-time = "2026-08-18T06:06:15.061Z" },
]

[[package]]
name = "opentelemetry-api"
version = "1.44.0"
source = { registry = "https://pypi.org/simple" }
dependencies = [
    { name = "typing-extensions" },
]
sdist = { url = "https://files.pythonhosted.org/packages/ee/8b/aa9e2d8b8dfa7c946f7dec5d1f8f6ba8eca062f43509a06bdb5ce93d26c0/opentelemetry_api-1.44.0.tar.gz", hash = "sha256:67647e5e9566edcf421166fdf022b3537f818635daa852b289e34604dc6fb33a", size = 72406, upload-time = "2026-07-16T15:25:32.678Z" }
wheels = [
    { url = "https://files.pythonhosted.org/packages/ca/6f/a04e900f465ff3221ccc395522503e2d10e79fa21f2723c8e177aae1e0d1/opentelemetry_api-1.44.0-py3-none-any.whl", hash = "sha256:94b98c893a91b88657eaac1e3ba89618cdb85be6918196705354f34728b2cdef", size = 60018, upload-time = "2026-07-16T15:25:11.657Z" },
]

[[package]]
name = "packaging"
version = "26.3"
source = { registry = "https://pypi.org/simple" }
sdist = { url = "https://files.pythonhosted.org/packages/7d/fa/3944b40b07da9ce895c0e6303a5ab7d53da063554f534556b134a54d6093/packaging-26.3.tar.gz", hash = "sha256:94edc256424af38762eb31306eed28beb9f0efc50a8837492c9d6fd6004aed79", size = 313412, upload-time = "2026-08-04T18:15:28.737Z" }
wheels = [
    { url = "https://files.pythonhosted.org/packages/63/34/ba1c580383c9eada3711951fef0795c80b829a078d72188184bcab9dd527/packaging-26.3-py3-none-any.whl", hash = "sha256:d7193f7c8e4e93f444fde0262bf90af30e16fa0ad0ad44cb553c87339b23cd1c", size = 129956, upload-time = "2026-08-04T18:15:27.159Z" },
]

[[package]]
name = "pluggy"
version = "1.6.0"
source = { registry = "https://pypi.org/simple" }
sdist = { url = "https://files.pythonhosted.org/packages/f9/e2/3e91f31a7d2b083fe6ef3fa267035b518369d9511ffab804f839851d2779/pluggy-1.6.0.tar.gz", hash = "sha256:7dcc130b76258d33b90f61b658791dede3486c3e6bfb003ee5c9bfb396dd22f3", size = 69412, upload-time = "2025-05-15T12:30:07.975Z" }
wheels = [
    { url = "https://files.pythonhosted.org/packages/54/20/4d324d65cc6d9205fabedc306948156824eb9f0ee1633355a8f7ec5c66bf/pluggy-1.6.0-py3-none-any.whl", hash = "sha256:e920276dd6813095e9377c0bc5566d94c932c33b27a3e3945d8389c374dd4746", size = 20538, upload-time = "2025-05-15T12:30:06.134Z" },
]

[[package]]
name = "protobuf-py"
version = "0.1.1"
source = { registry = "https://pypi.org/simple" }
dependencies = [
    { name = "protobuf-py-ext", marker = "(platform_machine == 'arm64' and platform_python_implementation == 'CPython' and sys_platform == 'darwin') or (platform_machine == 'aarch64' and platform_python_implementation == 'CPython' and sys_platform == 'linux') or (platform_machine == 'x86_64' and platform_python_implementation == 'CPython' and sys_platform == 'linux') or (platform_machine == 'AMD64' and platform_python_implementation == 'CPython' and sys_platform == 'win32') or (platform_machine == 'ARM64' and platform_python_implementation == 'CPython' and sys_platform == 'win32')" },
]
sdist = { url = "https://files.pythonhosted.org/packages/72/ed/02fd902d9c51b7ff53dfc9a745eb11490722edfd30073af889e171f07b8e/protobuf_py-0.1.1.tar.gz", hash = "sha256:6bd08ac4d8f1661965bbe2685429d79043704cdd1ee720a7a89617331742240b", size = 133525, upload-time = "2026-06-24T19:02:15.271Z" }
wheels = [
    { url = "https://files.pythonhosted.org/packages/fd/00/1b3775aca1c70e3007e06ef5996f6bb9b3a32341eb0cce3ffb6effad8dec/protobuf_py-0.1.1-py3-none-any.whl", hash = "sha256:efc4f50f275ed6dae10a1f30bb81ad1a75368557b3ff22a532b7a472050368f1", size = 181656, upload-time = "2026-06-24T19:01:29.556Z" },
]

[[package]]
name = "protobuf-py-ext"
version = "0.1.1"
source = { registry = "https://pypi.org/simple" }
sdist = { url = "https://files.pythonhosted.org/packages/2f/05/6dc9ccff1e8159eb9a144e6d3c4acfd2211cd4fcd20c34fe9155d17d6a7f/protobuf_py_ext-0.1.1.tar.gz", hash = "sha256:e85bfdfdb3ed50634db8ccc7429dd9286520109489c735463971a418707b4fef", size = 31912, upload-time = "2026-06-24T19:02:16.321Z" }
wheels = [
    { url = "https://files.pythonhosted.org/packages/19/70/2b5d62a60a2e0d88ecde1ae98db3132bcd2672fb39c8d581b82b34ac0bd8/protobuf_py_ext-0.1.1-cp310-abi3-macosx_11_0_arm64.whl", hash = "sha256:310039e03cb15181781a0b78017419f6d4ee302e988c3c70b87f1facdf05532d", size = 306008, upload-time = "2026-06-24T19:01:31.399Z" },
    { url = "https://files.pythonhosted.org/packages/2d/d6/73c06bb4cac2e04c0adc154965fe8b6520224bd737fd7e73bba405056321/protobuf_py_ext-0.1.1-cp310-abi3-manylinux_2_17_aarch64.manylinux2014_aarch64.whl", hash = "sha256:89ec8348d1ba045f79b2fedd14e40cca36f2a41b52f2c4fdf55a60c58add2353", size = 314769, upload-time = "2026-06-24T19:01:32.89Z" },
    { url = "https://files.pythonhosted.org/packages/18/c5/e4e6bc6096b66d1c82639a1b501147f16ee65d32567304b987d002e2c666/protobuf_py_ext-0.1.1-cp310-abi3-manylinux_2_17_x86_64.manylinux2014_x86_64.whl", hash = "sha256:182798e4861aba72d05855bd06febe4926aa7265e6f444a1b8af5252beee4f7e", size = 328122, upload-time = "2026-06-24T19:01:34.394Z" },
    { url = "https://files.pythonhosted.org/packages/b0/4b/1d792a40d0f0a0f914f1dfa8bb5e9573ca0ecd5fe5cecf80d77193212abd/protobuf_py_ext-0.1.1-cp310-abi3-musllinux_1_2_aarch64.whl", hash = "sha256:9eb25c3a329c0551cc86b209a5e5d8ecb8d834b9924a3aa019377853a703b6d3", size = 492338, upload-time = "2026-06-24T19:01:36.103Z" },
    { url = "https://files.pythonhosted.org/packages/52/51/5ad329223c905e5c530cae38ae24cde3584d8ab7e09457f2a01afce80e60/protobuf_py_ext-0.1.1-cp310-abi3-musllinux_1_2_x86_64.whl", hash = "sha256:aaecbde82bef10c7c40578cbb61b7a19896bf7fa450972050a3bb302acb7d5d6", size = 541578, upload-time = "2026-06-24T19:01:37.481Z" },
    { url = "https://files.pythonhosted.org/packages/ed/c7/01bd8a8bfe2df4b07aafac12ccfb7b7ebe2303f65296a9e02fcafa28ff3e/protobuf_py_ext-0.1.1-cp310-abi3-win_amd64.whl", hash = "sha256:6b0c615c48e95acc53cf33e9310eeaff8b30d2d7555bf93e7bca8fb4f40e9a5c", size = 251319, upload-time = "2026-06-24T19:01:38.946Z" },
    { url = "https://files.pythonhosted.org/packages/24/dc/914065538b5db54b6a920b5af38c1ef142252ea1eea711820435fa259fac/protobuf_py_ext-0.1.1-cp310-abi3-win_arm64.whl", hash = "sha256:72956cd0af5dee24b41c6f5ba5e42622d17e6d555002b5efc1634e27a1446de2", size = 241635, upload-time = "2026-06-24T19:01:40.301Z" },
    { url = "https://files.pythonhosted.org/packages/13/a5/0b5d73cab815fd50615cb87a02e04e8332f9e27380c890aba1459cf7e919/protobuf_py_ext-0.1.1-cp312-cp312-macosx_11_0_arm64.whl", hash = "sha256:c6f0cd58620f415a3534d195358338f4999a774e12510f91c592b38d13d37388", size = 304903, upload-time = "2026-06-24T19:01:41.796Z" },
    { url = "https://files.pythonhosted.org/packages/37/a9/14c120b9ac36a0e11bb05e482fa6ae322de583a8e1068e4859035c289947/protobuf_py_ext-0.1.1-cp312-cp312-manylinux_2_17_aarch64.manylinux2014_aarch64.whl", hash = "sha256:21572764f625d829604fc4d83635f533f35775f11c6da142345b3f3c8d64bd09", size = 316148, upload-time = "2026-06-24T19:01:43.247Z" },
    { url = "https://files.pythonhosted.org/packages/35/54/7c00a1a9783c3ba74f6b2f5d2f049f09037bbd489c465c09a34f32fb611b/protobuf_py_ext-0.1.1-cp312-cp312-manylinux_2_17_x86_64.manylinux2014_x86_64.whl", hash = "sha256:e7f14f00c2678bfbe7ad46f057b9f9938c1677bcf39e405e163e272c6f9814b8", size = 326458, upload-time = "2026-06-24T19:01:44.655Z" },
    { url = "https://files.pythonhosted.org/packages/0d/0e/81fa50c0d6c4d664e5be6d0a3c4f2c7edfef87ab12d0bac764abca1f2955/protobuf_py_ext-0.1.1-cp312-cp312-musllinux_1_2_aarch64.whl", hash = "sha256:1610865622e2e27568277ca63d8d2d23dcc55eaa767398865c21539ddf4ce24d", size = 493596, upload-time = "2026-06-24T19:01:46.344Z" },
    { url = "https://files.pythonhosted.org/packages/56/19/3183cf6e4de62846c20549654a1d573dae51ca06aaf7fed06accdfab74f6/protobuf_py_ext-0.1.1-cp312-cp312-musllinux_1_2_x86_64.whl", hash = "sha256:8995efba9476e1ea18ef9873306871dba697308994bc2766558fec3387acc3de", size = 539656, upload-time = "2026-06-24T19:01:48.21Z" },
]

[[package]]
name = "pydantic"
version = "2.12.5"
source = { registry = "https://pypi.org/simple" }
dependencies = [
    { name = "annotated-types" },
    { name = "pydantic-core" },
    { name = "typing-extensions" },
    { name = "typing-inspection" },
]
sdist = { url = "https://files.pythonhosted.org/packages/69/44/36f1a6e523abc58ae5f928898e4aca2e0ea509b5aa6f6f392a5d882be928/pydantic-2.12.5.tar.gz", hash = "sha256:4d351024c75c0f085a9febbb665ce8c0c6ec5d30e903bdb6394b7ede26aebb49", size = 821591, upload-time = "2025-11-26T15:11:46.471Z" }
wheels = [
    { url = "https://files.pythonhosted.org/packages/5a/87/b70ad306ebb6f9b585f114d0ac2137d792b48be34d732d60e597c2f8465a/pydantic-2.12.5-py3-none-any.whl", hash = "sha256:e561593fccf61e8a20fc46dfc2dfe075b8be7d0188df33f221ad1f0139180f9d", size = 463580, upload-time = "2025-11-26T15:11:44.605Z" },
]

[[package]]
name = "pydantic-core"
version = "2.41.5"
source = { registry = "https://pypi.org/simple" }
dependencies = [
    { name = "typing-extensions" },
]
sdist = { url = "https://files.pythonhosted.org/packages/71/70/23b021c950c2addd24ec408e9ab05d59b035b39d97cdc1130e1bce647bb6/pydantic_core-2.41.5.tar.gz", hash = "sha256:08daa51ea16ad373ffd5e7606252cc32f07bc72b28284b6bc9c6df804816476e", size = 460952, upload-time = "2025-11-04T13:43:49.098Z" }
wheels = [
    { url = "https://files.pythonhosted.org/packages/5f/5d/5f6c63eebb5afee93bcaae4ce9a898f3373ca23df3ccaef086d0233a35a7/pydantic_core-2.41.5-cp312-cp312-macosx_10_12_x86_64.whl", hash = "sha256:f41a7489d32336dbf2199c8c0a215390a751c5b014c2c1c5366e817202e9cdf7", size = 2110990, upload-time = "2025-11-04T13:39:58.079Z" },
    { url = "https://files.pythonhosted.org/packages/aa/32/9c2e8ccb57c01111e0fd091f236c7b371c1bccea0fa85247ac55b1e2b6b6/pydantic_core-2.41.5-cp312-cp312-macosx_11_0_arm64.whl", hash = "sha256:070259a8818988b9a84a449a2a7337c7f430a22acc0859c6b110aa7212a6d9c0", size = 1896003, upload-time = "2025-11-04T13:39:59.956Z" },
    { url = "https://files.pythonhosted.org/packages/68/b8/a01b53cb0e59139fbc9e4fda3e9724ede8de279097179be4ff31f1abb65a/pydantic_core-2.41.5-cp312-cp312-manylinux_2_17_aarch64.manylinux2014_aarch64.whl", hash = "sha256:e96cea19e34778f8d59fe40775a7a574d95816eb150850a85a7a4c8f4b94ac69", size = 1919200, upload-time = "2025-11-04T13:40:02.241Z" },
    { url = "https://files.pythonhosted.org/packages/38/de/8c36b5198a29bdaade07b5985e80a233a5ac27137846f3bc2d3b40a47360/pydantic_core-2.41.5-cp312-cp312-manylinux_2_17_armv7l.manylinux2014_armv7l.whl", hash = "sha256:ed2e99c456e3fadd05c991f8f437ef902e00eedf34320ba2b0842bd1c3ca3a75", size = 2052578, upload-time = "2025-11-04T13:40:04.401Z" },
    { url = "https://files.pythonhosted.org/packages/00/b5/0e8e4b5b081eac6cb3dbb7e60a65907549a1ce035a724368c330112adfdd/pydantic_core-2.41.5-cp312-cp312-manylinux_2_17_ppc64le.manylinux2014_ppc64le.whl", hash = "sha256:65840751b72fbfd82c3c640cff9284545342a4f1eb1586ad0636955b261b0b05", size = 2208504, upload-time = "2025-11-04T13:40:06.072Z" },
    { url = "https://files.pythonhosted.org/packages/77/56/87a61aad59c7c5b9dc8caad5a41a5545cba3810c3e828708b3d7404f6cef/pydantic_core-2.41.5-cp312-cp312-manylinux_2_17_s390x.manylinux2014_s390x.whl", hash = "sha256:e536c98a7626a98feb2d3eaf75944ef6f3dbee447e1f841eae16f2f0a72d8ddc", size = 2335816, upload-time = "2025-11-04T13:40:07.835Z" },
    { url = "https://files.pythonhosted.org/packages/0d/76/941cc9f73529988688a665a5c0ecff1112b3d95ab48f81db5f7606f522d3/pydantic_core-2.41.5-cp312-cp312-manylinux_2_17_x86_64.manylinux2014_x86_64.whl", hash = "sha256:eceb81a8d74f9267ef4081e246ffd6d129da5d87e37a77c9bde550cb04870c1c", size = 2075366, upload-time = "2025-11-04T13:40:09.804Z" },
    { url = "https://files.pythonhosted.org/packages/d3/43/ebef01f69baa07a482844faaa0a591bad1ef129253ffd0cdaa9d8a7f72d3/pydantic_core-2.41.5-cp312-cp312-manylinux_2_5_i686.manylinux1_i686.whl", hash = "sha256:d38548150c39b74aeeb0ce8ee1d8e82696f4a4e16ddc6de7b1d8823f7de4b9b5", size = 2171698, upload-time = "2025-11-04T13:40:12.004Z" },
    { url = "https://files.pythonhosted.org/packages/b1/87/41f3202e4193e3bacfc2c065fab7706ebe81af46a83d3e27605029c1f5a6/pydantic_core-2.41.5-cp312-cp312-musllinux_1_1_aarch64.whl", hash = "sha256:c23e27686783f60290e36827f9c626e63154b82b116d7fe9adba1fda36da706c", size = 2132603, upload-time = "2025-11-04T13:40:13.868Z" },
    { url = "https://files.pythonhosted.org/packages/49/7d/4c00df99cb12070b6bccdef4a195255e6020a550d572768d92cc54dba91a/pydantic_core-2.41.5-cp312-cp312-musllinux_1_1_armv7l.whl", hash = "sha256:482c982f814460eabe1d3bb0adfdc583387bd4691ef00b90575ca0d2b6fe2294", size = 2329591, upload-time = "2025-11-04T13:40:15.672Z" },
    { url = "https://files.pythonhosted.org/packages/cc/6a/ebf4b1d65d458f3cda6a7335d141305dfa19bdc61140a884d165a8a1bbc7/pydantic_core-2.41.5-cp312-cp312-musllinux_1_1_x86_64.whl", hash = "sha256:bfea2a5f0b4d8d43adf9d7b8bf019fb46fdd10a2e5cde477fbcb9d1fa08c68e1", size = 2319068, upload-time = "2025-11-04T13:40:17.532Z" },
    { url = "https://files.pythonhosted.org/packages/49/3b/774f2b5cd4192d5ab75870ce4381fd89cf218af999515baf07e7206753f0/pydantic_core-2.41.5-cp312-cp312-win32.whl", hash = "sha256:b74557b16e390ec12dca509bce9264c3bbd128f8a2c376eaa68003d7f327276d", size = 1985908, upload-time = "2025-11-04T13:40:19.309Z" },
    { url = "https://files.pythonhosted.org/packages/86/45/00173a033c801cacf67c190fef088789394feaf88a98a7035b0e40d53dc9/pydantic_core-2.41.5-cp312-cp312-win_amd64.whl", hash = "sha256:1962293292865bca8e54702b08a4f26da73adc83dd1fcf26fbc875b35d81c815", size = 2020145, upload-time = "2025-11-04T13:40:21.548Z" },
    { url = "https://files.pythonhosted.org/packages/f9/22/91fbc821fa6d261b376a3f73809f907cec5ca6025642c463d3488aad22fb/pydantic_core-2.41.5-cp312-cp312-win_arm64.whl", hash = "sha256:1746d4a3d9a794cacae06a5eaaccb4b8643a131d45fbc9af23e353dc0a5ba5c3", size = 1976179, upload-time = "2025-11-04T13:40:23.393Z" },
    { url = "https://files.pythonhosted.org/packages/09/32/59b0c7e63e277fa7911c2fc70ccfb45ce4b98991e7ef37110663437005af/pydantic_core-2.41.5-graalpy312-graalpy250_312_native-macosx_10_12_x86_64.whl", hash = "sha256:7da7087d756b19037bc2c06edc6c170eeef3c3bafcb8f532ff17d64dc427adfd", size = 2110495, upload-time = "2025-11-04T13:42:49.689Z" },
    { url = "https://files.pythonhosted.org/packages/aa/81/05e400037eaf55ad400bcd318c05bb345b57e708887f07ddb2d20e3f0e98/pydantic_core-2.41.5-graalpy312-graalpy250_312_native-macosx_11_0_arm64.whl", hash = "sha256:aabf5777b5c8ca26f7824cb4a120a740c9588ed58df9b2d196ce92fba42ff8dc", size = 1915388, upload-time = "2025-11-04T13:42:52.215Z" },
    { url = "https://files.pythonhosted.org/packages/6e/0d/e3549b2399f71d56476b77dbf3cf8937cec5cd70536bdc0e374a421d0599/pydantic_core-2.41.5-graalpy312-graalpy250_312_native-manylinux_2_17_aarch64.manylinux2014_aarch64.whl", hash = "sha256:c007fe8a43d43b3969e8469004e9845944f1a80e6acd47c150856bb87f230c56", size = 1942879, upload-time = "2025-11-04T13:42:56.483Z" },
    { url = "https://files.pythonhosted.org/packages/f7/07/34573da085946b6a313d7c42f82f16e8920bfd730665de2d11c0c37a74b5/pydantic_core-2.41.5-graalpy312-graalpy250_312_native-manylinux_2_17_x86_64.manylinux2014_x86_64.whl", hash = "sha256:76d0819de158cd855d1cbb8fcafdf6f5cf1eb8e470abe056d5d161106e38062b", size = 2139017, upload-time = "2025-11-04T13:42:59.471Z" },
]

[[package]]
name = "pygments"
version = "2.21.0"
source = { registry = "https://pypi.org/simple" }
sdist = { url = "https://files.pythonhosted.org/packages/49/2e/ced460408999b33da6b31b0021b0f37d329e202d4169aeb164493778f25b/pygments-2.21.0.tar.gz", hash = "sha256:610ca751c9bc2492b38eb9a38a7fbc93edbbb2d7182edaf34e66ae493dee5c8c", size = 5005329, upload-time = "2026-08-17T08:02:48.824Z" }
wheels = [
    { url = "https://files.pythonhosted.org/packages/71/46/17f022dd3e953bf20a04a028a21ec746d942f8d2af30fa0f124fa0e6a684/pygments-2.21.0-py3-none-any.whl", hash = "sha256:2363c69b61c4a97c838da3b130dcd6468f4848992b21a82f2a63ec34377137d9", size = 1250147, upload-time = "2026-08-17T08:02:44.912Z" },
]

[[package]]
name = "pyqwest"
version = "0.9.0"
source = { registry = "https://pypi.org/simple" }
dependencies = [
    { name = "opentelemetry-api" },
]
sdist = { url = "https://files.pythonhosted.org/packages/8d/59/97531fd9d0a06d54e84f5493775739b0c1d0d13ec704974d04fa423a3332/pyqwest-0.9.0.tar.gz", hash = "sha256:514dd0b37d7a1bcb978b5d6423d15f89cf7dcf8058ac2a37aa42cd30090de89e", size = 477462, upload-time = "2026-08-10T01:55:36.219Z" }
wheels = [
    { url = "https://files.pythonhosted.org/packages/47/34/d556fa07d9bff21fc6c9c16738614c6336164b65d9ced1ce9f1c1044aaeb/pyqwest-0.9.0-cp310-abi3-macosx_10_12_x86_64.whl", hash = "sha256:517d2eb295d56ef1530cebe0cf290a66fa199c57955bd1c5f1dc592240fbb7d6", size = 5224594, upload-time = "2026-08-10T01:54:18.646Z" },
    { url = "https://files.pythonhosted.org/packages/c9/3f/1d7d1a08ebf8838c0c85e99ab5db5c1aae457f76ee03b60c8f4fc4948e01/pyqwest-0.9.0-cp310-abi3-macosx_11_0_arm64.whl", hash = "sha256:408dc692835363b6824bee61ee9e4c9a5bba9c08d75b903f82f9a802e41d1b30", size = 5100753, upload-time = "2026-08-10T01:54:20.669Z" },
    { url = "https://files.pythonhosted.org/packages/66/fe/22c4056b526baa4c2c953f4e99925ce0bb14e7747d66e6ac3448a34f76e5/pyqwest-0.9.0-cp310-abi3-manylinux_2_17_aarch64.manylinux2014_aarch64.whl", hash = "sha256:e1abf1ab3a0c1b545651ab37a643acc7909c4e7644a63a2e4af36e3e230a0db5", size = 5619882, upload-time = "2026-08-10T01:54:22.468Z" },
    { url = "https://files.pythonhosted.org/packages/de/2c/8f1159a30bbc905b2fcbc386740a260e76ae64372feb263103438ef5201c/pyqwest-0.9.0-cp310-abi3-manylinux_2_17_x86_64.manylinux2014_x86_64.whl", hash = "sha256:9b02e5c9ce57e079eb3716c464d3818ad2573d7743483c39526ad77ee95af806", size = 5564744, upload-time = "2026-08-10T01:54:24.814Z" },
    { url = "https://files.pythonhosted.org/packages/ac/fd/ff15034d7874fd208d606bd80c924fb0b1091db8159c892672168b656de1/pyqwest-0.9.0-cp310-abi3-musllinux_1_2_aarch64.whl", hash = "sha256:98bdaa30a3a8d8c71506a33c084e485a243fbf51e77130bb39e0f249dd116142", size = 5779373, upload-time = "2026-08-10T01:54:26.753Z" },
    { url = "https://files.pythonhosted.org/packages/ed/b5/eeafdeb65ad8fe9c39044aedcfc97610f4e5c7b5620ca9fe2d504f669108/pyqwest-0.9.0-cp310-abi3-musllinux_1_2_x86_64.whl", hash = "sha256:10eba84f9d8512d23bd16dd60b1c77dab956470361559214981dda065df4ad1a", size = 5973306, upload-time = "2026-08-10T01:54:28.729Z" },
    { url = "https://files.pythonhosted.org/packages/34/db/a8979dab5c591529f858d1505d09b3c8b6dec337921f15bed4858c55716e/pyqwest-0.9.0-cp310-abi3-win_amd64.whl", hash = "sha256:af4e859800b02cd1fcdd898af26a881c4a8ce9520f71f6cb0a5403523d2cbbdf", size = 4834706, upload-time = "2026-08-10T01:54:30.335Z" },
    { url = "https://files.pythonhosted.org/packages/1d/9e/d070ca1ce3c202952770436172889a4b0556a564a490baf726f7bb895eba/pyqwest-0.9.0-cp312-cp312-macosx_10_12_x86_64.whl", hash = "sha256:abe322cc1b63947b493bc06028615e0d5de655928159227aab64f60a0eb0e27d", size = 5244745, upload-time = "2026-08-10T01:54:32.257Z" },
    { url = "https://files.pythonhosted.org/packages/41/97/ebded0bb35a79f51bb2d1519e34922d79c8825f9e71b696bb20f387a08c2/pyqwest-0.9.0-cp312-cp312-macosx_11_0_arm64.whl", hash = "sha256:c6b2dc6a9c583859d031941e1041b8e711afe0ad4c130628207731cef2b1a486", size = 5101044, upload-time = "2026-08-10T01:54:34.088Z" },
    { url = "https://files.pythonhosted.org/packages/a9/2c/a7f117e793b4e27642807bf7230b9fa297ff1e1ac489fc260fc3d4350ae4/pyqwest-0.9.0-cp312-cp312-manylinux_2_17_aarch64.manylinux2014_aarch64.whl", hash = "sha256:551e47714da72a72939958029eb37a754cecd974344471c4a2038583a66a5396", size = 5630841, upload-time = "2026-08-10T01:54:35.885Z" },
    { url = "https://files.pythonhosted.org/packages/b4/b4/be47fc141529941352a848cd77da581803137b733993a51bf464f2c48915/pyqwest-0.9.0-cp312-cp312-manylinux_2_17_x86_64.manylinux2014_x86_64.whl", hash = "sha256:3be3d38ccdab3077bf1cfe90c346ce927f9b49c56dcdf20e060f5f2502d01021", size = 5572909, upload-time = "2026-08-10T01:54:37.653Z" },
    { url = "https://files.pythonhosted.org/packages/cb/fd/703635e12710ce7ef5e961f5e1b22c609aecc8f07eedd79477b48d1edb74/pyqwest-0.9.0-cp312-cp312-musllinux_1_2_aarch64.whl", hash = "sha256:45d9d424da878b22604799d1ce2a0a5df054924487ee5a851ad08025e2076e5c", size = 5794049, upload-time = "2026-08-10T01:54:39.363Z" },
    { url = "https://files.pythonhosted.org/packages/3c/15/941aad56b108c743df9d41e124be82ecb6be0eba1007e945b6a39f5dd1a0/pyqwest-0.9.0-cp312-cp312-musllinux_1_2_x86_64.whl", hash = "sha256:e4420adcd2b756da706b31a04f095a521f6e440dab284b7a1b46c76e048c1f78", size = 5974542, upload-time = "2026-08-10T01:54:41.202Z" },
    { url = "https://files.pythonhosted.org/packages/b7/86/8445fe05b47322047347464a909ae95dba023bf8409b9967f66bda2905ad/pyqwest-0.9.0-cp312-cp312-win_amd64.whl", hash = "sha256:25734bd9798bbfaa53c83d395649dd9ea9a791a64b9848734955cb78ad52c832", size = 4847034, upload-time = "2026-08-10T01:54:42.899Z" },
]

[[package]]
name = "pytest"
version = "8.4.1"
source = { registry = "https://pypi.org/simple" }
dependencies = [
    { name = "colorama", marker = "sys_platform == 'win32'" },
    { name = "iniconfig" },
    { name = "packaging" },
    { name = "pluggy" },
    { name = "pygments" },
]
sdist = { url = "https://files.pythonhosted.org/packages/08/ba/45911d754e8eba3d5a841a5ce61a65a685ff1798421ac054f85aa8747dfb/pytest-8.4.1.tar.gz", hash = "sha256:7c67fd69174877359ed9371ec3af8a3d2b04741818c51e5e99cc1742251fa93c", size = 1517714, upload-time = "2025-06-18T05:48:06.109Z" }
wheels = [
    { url = "https://files.pythonhosted.org/packages/29/16/c8a903f4c4dffe7a12843191437d7cd8e32751d5de349d45d3fe69544e87/pytest-8.4.1-py3-none-any.whl", hash = "sha256:539c70ba6fcead8e78eebbf1115e8b589e7565830d7d006a8723f19ac8a0afb7", size = 365474, upload-time = "2025-06-18T05:48:03.955Z" },
]

[[package]]
name = "pytest-asyncio"
version = "1.1.0"
source = { registry = "https://pypi.org/simple" }
dependencies = [
    { name = "pytest" },
]
sdist = { url = "https://files.pythonhosted.org/packages/4e/51/f8794af39eeb870e87a8c8068642fc07bce0c854d6865d7dd0f2a9d338c2/pytest_asyncio-1.1.0.tar.gz", hash = "sha256:796aa822981e01b68c12e4827b8697108f7205020f24b5793b3c41555dab68ea", size = 46652, upload-time = "2025-07-16T04:29:26.393Z" }
wheels = [
    { url = "https://files.pythonhosted.org/packages/c7/9d/bf86eddabf8c6c9cb1ea9a869d6873b46f105a5d292d3a6f7071f5b07935/pytest_asyncio-1.1.0-py3-none-any.whl", hash = "sha256:5fe2d69607b0bd75c656d1211f969cadba035030156745ee09e7d71740e58ecf", size = 15157, upload-time = "2025-07-16T04:29:24.929Z" },
]

[[package]]
name = "python-dateutil"
version = "2.9.0.post0"
source = { registry = "https://pypi.org/simple" }
dependencies = [
    { name = "six" },
]
sdist = { url = "https://files.pythonhosted.org/packages/66/c0/0c8b6ad9f17a802ee498c46e004a0eb49bc148f2fd230864601a86dcf6db/python-dateutil-2.9.0.post0.tar.gz", hash = "sha256:37dd54208da7e1cd875388217d5e00ebd4179249f90fb72437e91a35459a0ad3", size = 342432, upload-time = "2024-03-01T18:36:20.211Z" }
wheels = [
    { url = "https://files.pythonhosted.org/packages/ec/57/56b9bcc3c9c6a792fcbaf139543cee77261f3651ca9da0c93f5c1221264b/python_dateutil-2.9.0.post0-py2.py3-none-any.whl", hash = "sha256:a8b2bc7bffae282281c8140a97d3aa9c14da0b136dfe83f850eea9a5f7470427", size = 229892, upload-time = "2024-03-01T18:36:18.57Z" },
]

[[package]]
name = "pyyaml"
version = "6.0.2"
source = { registry = "https://pypi.org/simple" }
sdist = { url = "https://files.pythonhosted.org/packages/54/ed/79a089b6be93607fa5cdaedf301d7dfb23af5f25c398d5ead2525b063e17/pyyaml-6.0.2.tar.gz", hash = "sha256:d584d9ec91ad65861cc08d42e834324ef890a082e591037abe114850ff7bbc3e", size = 130631, upload-time = "2024-08-06T20:33:50.674Z" }
wheels = [
    { url = "https://files.pythonhosted.org/packages/86/0c/c581167fc46d6d6d7ddcfb8c843a4de25bdd27e4466938109ca68492292c/PyYAML-6.0.2-cp312-cp312-macosx_10_9_x86_64.whl", hash = "sha256:c70c95198c015b85feafc136515252a261a84561b7b1d51e3384e0655ddf25ab", size = 183873, upload-time = "2024-08-06T20:32:25.131Z" },
    { url = "https://files.pythonhosted.org/packages/a8/0c/38374f5bb272c051e2a69281d71cba6fdb983413e6758b84482905e29a5d/PyYAML-6.0.2-cp312-cp312-macosx_11_0_arm64.whl", hash = "sha256:ce826d6ef20b1bc864f0a68340c8b3287705cae2f8b4b1d932177dcc76721725", size = 173302, upload-time = "2024-08-06T20:32:26.511Z" },
    { url = "https://files.pythonhosted.org/packages/c3/93/9916574aa8c00aa06bbac729972eb1071d002b8e158bd0e83a3b9a20a1f7/PyYAML-6.0.2-cp312-cp312-manylinux_2_17_aarch64.manylinux2014_aarch64.whl", hash = "sha256:1f71ea527786de97d1a0cc0eacd1defc0985dcf6b3f17bb77dcfc8c34bec4dc5", size = 739154, upload-time = "2024-08-06T20:32:28.363Z" },
    { url = "https://files.pythonhosted.org/packages/95/0f/b8938f1cbd09739c6da569d172531567dbcc9789e0029aa070856f123984/PyYAML-6.0.2-cp312-cp312-manylinux_2_17_s390x.manylinux2014_s390x.whl", hash = "sha256:9b22676e8097e9e22e36d6b7bda33190d0d400f345f23d4065d48f4ca7ae0425", size = 766223, upload-time = "2024-08-06T20:32:30.058Z" },
    { url = "https://files.pythonhosted.org/packages/b9/2b/614b4752f2e127db5cc206abc23a8c19678e92b23c3db30fc86ab731d3bd/PyYAML-6.0.2-cp312-cp312-manylinux_2_17_x86_64.manylinux2014_x86_64.whl", hash = "sha256:80bab7bfc629882493af4aa31a4cfa43a4c57c83813253626916b8c7ada83476", size = 767542, upload-time = "2024-08-06T20:32:31.881Z" },
    { url = "https://files.pythonhosted.org/packages/d4/00/dd137d5bcc7efea1836d6264f049359861cf548469d18da90cd8216cf05f/PyYAML-6.0.2-cp312-cp312-musllinux_1_1_aarch64.whl", hash = "sha256:0833f8694549e586547b576dcfaba4a6b55b9e96098b36cdc7ebefe667dfed48", size = 731164, upload-time = "2024-08-06T20:32:37.083Z" },
    { url = "https://files.pythonhosted.org/packages/c9/1f/4f998c900485e5c0ef43838363ba4a9723ac0ad73a9dc42068b12aaba4e4/PyYAML-6.0.2-cp312-cp312-musllinux_1_1_x86_64.whl", hash = "sha256:8b9c7197f7cb2738065c481a0461e50ad02f18c78cd75775628afb4d7137fb3b", size = 756611, upload-time = "2024-08-06T20:32:38.898Z" },
    { url = "https://files.pythonhosted.org/packages/df/d1/f5a275fdb252768b7a11ec63585bc38d0e87c9e05668a139fea92b80634c/PyYAML-6.0.2-cp312-cp312-win32.whl", hash = "sha256:ef6107725bd54b262d6dedcc2af448a266975032bc85ef0172c5f059da6325b4", size = 140591, upload-time = "2024-08-06T20:32:40.241Z" },
    { url = "https://files.pythonhosted.org/packages/0c/e8/4f648c598b17c3d06e8753d7d13d57542b30d56e6c2dedf9c331ae56312e/PyYAML-6.0.2-cp312-cp312-win_amd64.whl", hash = "sha256:7e7401d0de89a9a855c839bc697c079a4af81cf878373abd7dc625847d25cbd8", size = 156338, upload-time = "2024-08-06T20:32:41.93Z" },
]

[[package]]
name = "rich"
version = "15.0.0"
source = { registry = "https://pypi.org/simple" }
dependencies = [
    { name = "markdown-it-py" },
    { name = "pygments" },
]
sdist = { url = "https://files.pythonhosted.org/packages/c0/8f/0722ca900cc807c13a6a0c696dacf35430f72e0ec571c4275d2371fca3e9/rich-15.0.0.tar.gz", hash = "sha256:edd07a4824c6b40189fb7ac9bc4c52536e9780fbbfbddf6f1e2502c31b068c36", size = 230680, upload-time = "2026-04-12T08:24:00.75Z" }
wheels = [
    { url = "https://files.pythonhosted.org/packages/82/3b/64d4899d73f91ba49a8c18a8ff3f0ea8f1c1d75481760df8c68ef5235bf5/rich-15.0.0-py3-none-any.whl", hash = "sha256:33bd4ef74232fb73fe9279a257718407f169c09b78a87ad3d296f548e27de0bb", size = 310654, upload-time = "2026-04-12T08:24:02.83Z" },
]

[[package]]
name = "six"
version = "1.17.0"
source = { registry = "https://pypi.org/simple" }
sdist = { url = "https://files.pythonhosted.org/packages/94/e7/b2c673351809dca68a0e064b6af791aa332cf192da575fd474ed7d6f16a2/six-1.17.0.tar.gz", hash = "sha256:ff70335d468e7eb6ec65b95b99d3a2836546063f63acc5171de367e834932a81", size = 34031, upload-time = "2024-12-04T17:35:28.174Z" }
wheels = [
    { url = "https://files.pythonhosted.org/packages/b7/ce/149a00dd41f10bc29e5921b496af8b574d8413afcd5e30dfa0ed46c2cc5e/six-1.17.0-py2.py3-none-any.whl", hash = "sha256:4721f391ed90541fddacab5acf947aa0d3dc7d27b2e1e8eda2be8970586c3274", size = 11050, upload-time = "2024-12-04T17:35:26.475Z" },
]

[[package]]
name = "typing-extensions"
version = "4.16.0"
source = { registry = "https://pypi.org/simple" }
sdist = { url = "https://files.pythonhosted.org/packages/f6/cc/6253133b5bb138fc3306cebfbda2c520f545d36b5be2c7255cc528bb45d6/typing_extensions-4.16.0.tar.gz", hash = "sha256:dc983d19a509c94dba722ee6abd33940f7c05a89e243c47e907eb4db6f1a43e5", size = 113555, upload-time = "2026-07-02T08:40:05.92Z" }
wheels = [
    { url = "https://files.pythonhosted.org/packages/49/d3/b8441a820a491ddfc024b0b0cf0393375b75ea13866d9c66727e54c2fc80/typing_extensions-4.16.0-py3-none-any.whl", hash = "sha256:481caa481374e813c1b176ada14e97f1f67a4539ce9cfeb3f350d78d6370c2e8", size = 45571, upload-time = "2026-07-02T08:40:04.659Z" },
]

[[package]]
name = "typing-inspection"
version = "0.4.4"
source = { registry = "https://pypi.org/simple" }
dependencies = [
    { name = "typing-extensions" },
]
sdist = { url = "https://files.pythonhosted.org/packages/a3/26/b09b8010994eccc3c09092e6b34058f36a460eea2d4c3e8b910c695975a0/typing_inspection-0.4.4.tar.gz", hash = "sha256:547274fa6b0a561ccf549cc9524b999a578e737d015d8709d021f9d0d13bea47", size = 76928, upload-time = "2026-08-12T12:37:25.997Z" }
wheels = [
    { url = "https://files.pythonhosted.org/packages/67/81/4add07e5172b7ac40d8ed5ff580409a7801a4fe26d529bdd915401dabfbe/typing_inspection-0.4.4-py3-none-any.whl", hash = "sha256:65b8397ba37ccbce054456aaccddfc91e6e3083c92824df348d96ca832f3f147", size = 14750, upload-time = "2026-08-12T12:37:24.648Z" },
]

[[package]]
name = "wcmatch"
version = "11.0.1"
source = { registry = "https://pypi.org/simple" }
dependencies = [
    { name = "bracex" },
]
sdist = { url = "https://files.pythonhosted.org/packages/57/43/30e407989e313677dbb9d5f045f966549a7254834571e342eaa4b55cc67b/wcmatch-11.0.1.tar.gz", hash = "sha256:1ea2b4fa678b8ca268253798d5963935df39132d47c3e241c0a0732224005e7d", size = 144662, upload-time = "2026-08-14T15:20:40.477Z" }
wheels = [
    { url = "https://files.pythonhosted.org/packages/ce/77/7a02b0f05b3ffcdbef9719ce3ee0b508d6a29b58e95299f1580055671db3/wcmatch-11.0.1-py3-none-any.whl", hash = "sha256:fd149ecddb9f0a88ea780017d6dde17c994e494e7f7303d4e3c9d6251f978f4b", size = 43449, upload-time = "2026-08-14T15:20:39.379Z" },
]
